
Microsoft Visual Studio Solution File, Format Version 12.00
# Visual Studio Version 16
VisualStudioVersion = 16.0.31702.278
MinimumVisualStudioVersion = 10.0.40219.1
Project("{8BC9CEB8-8B4A-11D0-8D11-00A0C91BC942}") = "lorenz_synchr", "lorenz_synchr\lorenz_synchr.vcxproj", "{964B37C5-A684-4268-BEBB-BDA07F579B1C}"
EndProject
Global
	GlobalSection(SolutionConfigurationPlatforms) = preSolution
		Debug|x64 = Debug|x64
		Debug|x86 = Debug|x86
		Release|x64 = Release|x64
		Release|x86 = Release|x86
	EndGlobalSection
	GlobalSection(ProjectConfigurationPlatforms) = postSolution
		{964B37C5-A684-4268-BEBB-BDA07F579B1C}.Debug|x64.ActiveCfg = Debug|x64
		{964B37C5-A684-4268-BEBB-BDA07F579B1C}.Debug|x64.Build.0 = Debug|x64
		{964B37C5-A684-4268-BEBB-BDA07F579B1C}.Debug|x86.ActiveCfg = Debug|Win32
		{964B37C5-A684-4268-BEBB-BDA07F579B1C}.Debug|x86.Build.0 = Debug|Win32
		{964B37C5-A684-4268-BEBB-BDA07F579B1C}.Release|x64.ActiveCfg = Release|x64
		{964B37C5-A684-4268-BEBB-BDA07F579B1C}.Release|x64.Build.0 = Release|x64
		{964B37C5-A684-4268-BEBB-BDA07F579B1C}.Release|x86.ActiveCfg = Release|Win32
		{964B37C5-A684-4268-BEBB-BDA07F579B1C}.Release|x86.Build.0 = Release|Win32
	EndGlobalSection
	GlobalSection(SolutionProperties) = preSolution
		HideSolutionNode = FALSE
	EndGlobalSection
	GlobalSection(ExtensibilityGlobals) = postSolution
		SolutionGuid = {7067D519-7970-4A0C-9A5B-DC6559643E86}
	EndGlobalSection
EndGlobal
